
Microsoft Visual Studio Solution File, Format Version 12.00
# Visual Studio Version 17
VisualStudioVersion = 17.4.33103.184
MinimumVisualStudioVersion = 10.0.40219.1
Project("{FAE04EC0-301F-11D3-BF4B-00C04F79EFBC}") = "ctor-injection-in-cab", "ctor-injection-in-cab.csproj", "{31ADA593-1B92-4FE8-804F-B899F55075C0}"
EndProject
Global
	GlobalSection(SolutionConfigurationPlatforms) = preSolution
		Debug|Any CPU = Debug|Any CPU
		Release|Any CPU = Release|Any CPU
	EndGlobalSection
	GlobalSection(ProjectConfigurationPlatforms) = postSolution
		{31ADA593-1B92-4FE8-804F-B899F55075C0}.Debug|Any CPU.ActiveCfg = Debug|Any CPU
		{31ADA593-1B92-4FE8-804F-B899F55075C0}.Debug|Any CPU.Build.0 = Debug|Any CPU
		{31ADA593-1B92-4FE8-804F-B899F55075C0}.Release|Any CPU.ActiveCfg = Release|Any CPU
		{31ADA593-1B92-4FE8-804F-B899F55075C0}.Release|Any CPU.Build.0 = Release|Any CPU
	EndGlobalSection
	GlobalSection(SolutionProperties) = preSolution
		HideSolutionNode = FALSE
	EndGlobalSection
	GlobalSection(ExtensibilityGlobals) = postSolution
		SolutionGuid = {7BE725CA-829A-4327-9AD8-14FA20670411}
	EndGlobalSection
EndGlobal
