
Microsoft Visual Studio Solution File, Format Version 12.00
# Visual Studio Version 17
VisualStudioVersion = 17.4.33103.184
MinimumVisualStudioVersion = 10.0.40219.1
Project("{FAE04EC0-301F-11D3-BF4B-00C04F79EFBC}") = "command-handler-usage", "command-handler-usage\command-handler-usage.csproj", "{5D03882B-9CF5-43EA-8938-F72F958603F8}"
EndProject
Project("{FAE04EC0-301F-11D3-BF4B-00C04F79EFBC}") = "command-status", "command-status\command-status.csproj", "{3463F66D-A209-4E60-B574-66EF83B4CBCA}"
EndProject
Project("{FAE04EC0-301F-11D3-BF4B-00C04F79EFBC}") = "command-handler-parameters", "command-handler-parameters\command-handler-parameters.csproj", "{AEE4FFD0-0DE7-41BA-9291-DC2949602D46}"
EndProject
Project("{FAE04EC0-301F-11D3-BF4B-00C04F79EFBC}") = "command-execute", "command-execute\command-execute.csproj", "{5A99B9D9-9111-45E6-AAFF-CF0CDFA42444}"
EndProject
Project("{FAE04EC0-301F-11D3-BF4B-00C04F79EFBC}") = "command-for-custom-event", "command-for-custom-event\command-for-custom-event.csproj", "{678A8BA5-263C-4C2F-BB48-5D7DDAE0B61A}"
EndProject
Global
	GlobalSection(SolutionConfigurationPlatforms) = preSolution
		Debug|Any CPU = Debug|Any CPU
		Release|Any CPU = Release|Any CPU
	EndGlobalSection
	GlobalSection(ProjectConfigurationPlatforms) = postSolution
		{5D03882B-9CF5-43EA-8938-F72F958603F8}.Debug|Any CPU.ActiveCfg = Debug|Any CPU
		{5D03882B-9CF5-43EA-8938-F72F958603F8}.Debug|Any CPU.Build.0 = Debug|Any CPU
		{5D03882B-9CF5-43EA-8938-F72F958603F8}.Release|Any CPU.ActiveCfg = Release|Any CPU
		{5D03882B-9CF5-43EA-8938-F72F958603F8}.Release|Any CPU.Build.0 = Release|Any CPU
		{3463F66D-A209-4E60-B574-66EF83B4CBCA}.Debug|Any CPU.ActiveCfg = Debug|Any CPU
		{3463F66D-A209-4E60-B574-66EF83B4CBCA}.Debug|Any CPU.Build.0 = Debug|Any CPU
		{3463F66D-A209-4E60-B574-66EF83B4CBCA}.Release|Any CPU.ActiveCfg = Release|Any CPU
		{3463F66D-A209-4E60-B574-66EF83B4CBCA}.Release|Any CPU.Build.0 = Release|Any CPU
		{AEE4FFD0-0DE7-41BA-9291-DC2949602D46}.Debug|Any CPU.ActiveCfg = Debug|Any CPU
		{AEE4FFD0-0DE7-41BA-9291-DC2949602D46}.Debug|Any CPU.Build.0 = Debug|Any CPU
		{AEE4FFD0-0DE7-41BA-9291-DC2949602D46}.Release|Any CPU.ActiveCfg = Release|Any CPU
		{AEE4FFD0-0DE7-41BA-9291-DC2949602D46}.Release|Any CPU.Build.0 = Release|Any CPU
		{5A99B9D9-9111-45E6-AAFF-CF0CDFA42444}.Debug|Any CPU.ActiveCfg = Debug|Any CPU
		{5A99B9D9-9111-45E6-AAFF-CF0CDFA42444}.Debug|Any CPU.Build.0 = Debug|Any CPU
		{5A99B9D9-9111-45E6-AAFF-CF0CDFA42444}.Release|Any CPU.ActiveCfg = Release|Any CPU
		{5A99B9D9-9111-45E6-AAFF-CF0CDFA42444}.Release|Any CPU.Build.0 = Release|Any CPU
		{678A8BA5-263C-4C2F-BB48-5D7DDAE0B61A}.Debug|Any CPU.ActiveCfg = Debug|Any CPU
		{678A8BA5-263C-4C2F-BB48-5D7DDAE0B61A}.Debug|Any CPU.Build.0 = Debug|Any CPU
		{678A8BA5-263C-4C2F-BB48-5D7DDAE0B61A}.Release|Any CPU.ActiveCfg = Release|Any CPU
		{678A8BA5-263C-4C2F-BB48-5D7DDAE0B61A}.Release|Any CPU.Build.0 = Release|Any CPU
	EndGlobalSection
	GlobalSection(SolutionProperties) = preSolution
		HideSolutionNode = FALSE
	EndGlobalSection
	GlobalSection(ExtensibilityGlobals) = postSolution
		SolutionGuid = {CCED59A2-3E39-4E1C-B580-FE510E40C763}
	EndGlobalSection
EndGlobal
